
Microsoft Visual Studio Solution File, Format Version 12.00
Project("{FAE04EC0-301F-11D3-BF4B-00C04F79EFBC}") = "TestForum", "TestForum\TestForum.csproj", "{99260562-EF2F-49A1-9D1A-A8C5656D40DF}"
EndProject
Global
	GlobalSection(SolutionConfigurationPlatforms) = preSolution
		Debug|Any CPU = Debug|Any CPU
		Release|Any CPU = Release|Any CPU
	EndGlobalSection
	GlobalSection(ProjectConfigurationPlatforms) = postSolution
		{99260562-EF2F-49A1-9D1A-A8C5656D40DF}.Debug|Any CPU.ActiveCfg = Debug|Any CPU
		{99260562-EF2F-49A1-9D1A-A8C5656D40DF}.Debug|Any CPU.Build.0 = Debug|Any CPU
		{99260562-EF2F-49A1-9D1A-A8C5656D40DF}.Release|Any CPU.ActiveCfg = Release|Any CPU
		{99260562-EF2F-49A1-9D1A-A8C5656D40DF}.Release|Any CPU.Build.0 = Release|Any CPU
	EndGlobalSection
EndGlobal
